
Microsoft Visual Studio Solution File, Format Version 12.00
# Visual Studio Version 17
VisualStudioVersion = 17.6.33815.320
MinimumVisualStudioVersion = 10.0.40219.1
Project("{FAE04EC0-301F-11D3-BF4B-00C04F79EFBC}") = "PruebaSedemi_00.MVC", "PruebaSedemi_00.MVC\PruebaSedemi_00.MVC.csproj", "{5482D714-687C-476A-95FF-E3EBBB9DC405}"
EndProject
Project("{FAE04EC0-301F-11D3-BF4B-00C04F79EFBC}") = "PruebaSedemi_00.API", "PruebaSedemi_00.API\PruebaSedemi_00.API.csproj", "{A0D16F51-9990-45BE-937E-61DAD59F2C13}"
EndProject
Global
	GlobalSection(SolutionConfigurationPlatforms) = preSolution
		Debug|Any CPU = Debug|Any CPU
		Release|Any CPU = Release|Any CPU
	EndGlobalSection
	GlobalSection(ProjectConfigurationPlatforms) = postSolution
		{5482D714-687C-476A-95FF-E3EBBB9DC405}.Debug|Any CPU.ActiveCfg = Debug|Any CPU
		{5482D714-687C-476A-95FF-E3EBBB9DC405}.Debug|Any CPU.Build.0 = Debug|Any CPU
		{5482D714-687C-476A-95FF-E3EBBB9DC405}.Release|Any CPU.ActiveCfg = Release|Any CPU
		{5482D714-687C-476A-95FF-E3EBBB9DC405}.Release|Any CPU.Build.0 = Release|Any CPU
		{A0D16F51-9990-45BE-937E-61DAD59F2C13}.Debug|Any CPU.ActiveCfg = Debug|Any CPU
		{A0D16F51-9990-45BE-937E-61DAD59F2C13}.Debug|Any CPU.Build.0 = Debug|Any CPU
		{A0D16F51-9990-45BE-937E-61DAD59F2C13}.Release|Any CPU.ActiveCfg = Release|Any CPU
		{A0D16F51-9990-45BE-937E-61DAD59F2C13}.Release|Any CPU.Build.0 = Release|Any CPU
	EndGlobalSection
	GlobalSection(SolutionProperties) = preSolution
		HideSolutionNode = FALSE
	EndGlobalSection
	GlobalSection(ExtensibilityGlobals) = postSolution
		SolutionGuid = {C0CE28B3-F1B9-49D8-95D6-BF96681045C2}
	EndGlobalSection
EndGlobal
